
Microsoft Visual Studio Solution File, Format Version 12.00
# Visual Studio Version 17
VisualStudioVersion = 17.3.32811.315
MinimumVisualStudioVersion = 10.0.40219.1
Project("{FAE04EC0-301F-11D3-BF4B-00C04F79EFBC}") = "Bookmaker", "Bookmaker\Bookmaker.csproj", "{E7CC9F97-8BDE-467C-893A-5BE05360A564}"
EndProject
Global
	GlobalSection(SolutionConfigurationPlatforms) = preSolution
		Debug|Any CPU = Debug|Any CPU
		Release|Any CPU = Release|Any CPU
	EndGlobalSection
	GlobalSection(ProjectConfigurationPlatforms) = postSolution
		{E7CC9F97-8BDE-467C-893A-5BE05360A564}.Debug|Any CPU.ActiveCfg = Debug|Any CPU
		{E7CC9F97-8BDE-467C-893A-5BE05360A564}.Debug|Any CPU.Build.0 = Debug|Any CPU
		{E7CC9F97-8BDE-467C-893A-5BE05360A564}.Release|Any CPU.ActiveCfg = Release|Any CPU
		{E7CC9F97-8BDE-467C-893A-5BE05360A564}.Release|Any CPU.Build.0 = Release|Any CPU
	EndGlobalSection
	GlobalSection(SolutionProperties) = preSolution
		HideSolutionNode = FALSE
	EndGlobalSection
	GlobalSection(ExtensibilityGlobals) = postSolution
		SolutionGuid = {4CC70413-656D-4CF7-8491-AD2837B6F362}
	EndGlobalSection
EndGlobal
